
Microsoft Visual Studio Solution File, Format Version 12.00
# Visual Studio Version 16
VisualStudioVersion = 16.0.29806.167
MinimumVisualStudioVersion = 10.0.40219.1
Project("{9A19103F-16F7-4668-BE54-9A1E7A4F7556}") = "lab11_1", "lab11\lab11_1.csproj", "{C731A4EC-EF4B-4CD2-9860-AB1780724DD5}"
EndProject
Project("{9A19103F-16F7-4668-BE54-9A1E7A4F7556}") = "Lab10_3", "..\Lab10\Lab10_2\Lab10_3.csproj", "{CB45A657-CED0-4FC4-93D4-C75E6F6FE57E}"
EndProject
Project("{FAE04EC0-301F-11D3-BF4B-00C04F79EFBC}") = "lab11_2", "lab11_2\lab11_2.csproj", "{197C0CC0-0FDE-4AFB-B926-ADDDC84F81C9}"
EndProject
Project("{FAE04EC0-301F-11D3-BF4B-00C04F79EFBC}") = "Lab11_3", "Lab11_3\Lab11_3.csproj", "{449CC969-8D3A-4E95-B049-006E36B354AA}"
EndProject
Global
	GlobalSection(SolutionConfigurationPlatforms) = preSolution
		Debug|Any CPU = Debug|Any CPU
		Release|Any CPU = Release|Any CPU
	EndGlobalSection
	GlobalSection(ProjectConfigurationPlatforms) = postSolution
		{C731A4EC-EF4B-4CD2-9860-AB1780724DD5}.Debug|Any CPU.ActiveCfg = Debug|Any CPU
		{C731A4EC-EF4B-4CD2-9860-AB1780724DD5}.Debug|Any CPU.Build.0 = Debug|Any CPU
		{C731A4EC-EF4B-4CD2-9860-AB1780724DD5}.Release|Any CPU.ActiveCfg = Release|Any CPU
		{C731A4EC-EF4B-4CD2-9860-AB1780724DD5}.Release|Any CPU.Build.0 = Release|Any CPU
		{CB45A657-CED0-4FC4-93D4-C75E6F6FE57E}.Debug|Any CPU.ActiveCfg = Debug|Any CPU
		{CB45A657-CED0-4FC4-93D4-C75E6F6FE57E}.Debug|Any CPU.Build.0 = Debug|Any CPU
		{CB45A657-CED0-4FC4-93D4-C75E6F6FE57E}.Release|Any CPU.ActiveCfg = Release|Any CPU
		{CB45A657-CED0-4FC4-93D4-C75E6F6FE57E}.Release|Any CPU.Build.0 = Release|Any CPU
		{197C0CC0-0FDE-4AFB-B926-ADDDC84F81C9}.Debug|Any CPU.ActiveCfg = Debug|Any CPU
		{197C0CC0-0FDE-4AFB-B926-ADDDC84F81C9}.Debug|Any CPU.Build.0 = Debug|Any CPU
		{197C0CC0-0FDE-4AFB-B926-ADDDC84F81C9}.Release|Any CPU.ActiveCfg = Release|Any CPU
		{197C0CC0-0FDE-4AFB-B926-ADDDC84F81C9}.Release|Any CPU.Build.0 = Release|Any CPU
		{449CC969-8D3A-4E95-B049-006E36B354AA}.Debug|Any CPU.ActiveCfg = Debug|Any CPU
		{449CC969-8D3A-4E95-B049-006E36B354AA}.Debug|Any CPU.Build.0 = Debug|Any CPU
		{449CC969-8D3A-4E95-B049-006E36B354AA}.Release|Any CPU.ActiveCfg = Release|Any CPU
		{449CC969-8D3A-4E95-B049-006E36B354AA}.Release|Any CPU.Build.0 = Release|Any CPU
	EndGlobalSection
	GlobalSection(SolutionProperties) = preSolution
		HideSolutionNode = FALSE
	EndGlobalSection
	GlobalSection(ExtensibilityGlobals) = postSolution
		SolutionGuid = {7F8E433D-C12D-4DF8-B13B-BCA2A62D9445}
	EndGlobalSection
EndGlobal
